
Microsoft Visual Studio Solution File, Format Version 12.00
# Visual Studio 15
VisualStudioVersion = 15.0.26430.6
MinimumVisualStudioVersion = 10.0.40219.1
Project("{FAE04EC0-301F-11D3-BF4B-00C04F79EFBC}") = "SkiShopReact", "SkiShopReact\SkiShopReact.csproj", "{0E89C1D2-CD13-46D6-A880-E9108A01D190}"
EndProject
Global
	GlobalSection(SolutionConfigurationPlatforms) = preSolution
		Debug|Any CPU = Debug|Any CPU
		Release|Any CPU = Release|Any CPU
	EndGlobalSection
	GlobalSection(ProjectConfigurationPlatforms) = postSolution
		{0E89C1D2-CD13-46D6-A880-E9108A01D190}.Debug|Any CPU.ActiveCfg = Debug|Any CPU
		{0E89C1D2-CD13-46D6-A880-E9108A01D190}.Debug|Any CPU.Build.0 = Debug|Any CPU
		{0E89C1D2-CD13-46D6-A880-E9108A01D190}.Release|Any CPU.ActiveCfg = Release|Any CPU
		{0E89C1D2-CD13-46D6-A880-E9108A01D190}.Release|Any CPU.Build.0 = Release|Any CPU
	EndGlobalSection
	GlobalSection(SolutionProperties) = preSolution
		HideSolutionNode = FALSE
	EndGlobalSection
EndGlobal
